{
  "pins" : [
    {
      "identity" : "blaze-specs-ios",
      "kind" : "remoteSourceControl",
      "location" : "https://github.com/WSCSports/blaze-specs-ios.git",
      "state" : {
        "revision" : "06b271e8cf917591826a04c997a155b77c528e6f",
        "version" : "0.0.71"
      }
    }
  ],
  "version" : 2
}
