{
  "pins" : [
    {
      "identity" : "blaze-specs-ios",
      "kind" : "remoteSourceControl",
      "location" : "https://github.com/WSCSports/blaze-specs-ios.git",
      "state" : {
        "revision" : "7a97d9a0efff5245ca51017cf1d0c05f40c0f030",
        "version" : "0.0.65"
      }
    }
  ],
  "version" : 2
}
