{
  "pins" : [
    {
      "identity" : "blaze-specs-ios",
      "kind" : "remoteSourceControl",
      "location" : "https://github.com/WSCSports/blaze-specs-ios.git",
      "state" : {
        "revision" : "399041a5227bfba59064f0d4ec3aad3baa662c9c",
        "version" : "0.1.0"
      }
    }
  ],
  "version" : 2
}
