// !$*UTF8*$!
{
	archiveVersion = 1;
	classes = {
	};
	objectVersion = 56;
	objects = {

/* Begin PBXBuildFile section */
		15231CB12A680DD600DE5360 /* AppDelegate.swift in Sources */ = {isa = PBXBuildFile; fileRef = 15231CB02A680DD600DE5360 /* AppDelegate.swift */; };
		15231CB32A680DD600DE5360 /* SceneDelegate.swift in Sources */ = {isa = PBXBuildFile; fileRef = 15231CB22A680DD600DE5360 /* SceneDelegate.swift */; };
		15231CBA2A680DD600DE5360 /* Assets.xcassets in Resources */ = {isa = PBXBuildFile; fileRef = 15231CB92A680DD600DE5360 /* Assets.xcassets */; };
		15231CBD2A680DD600DE5360 /* LaunchScreen.storyboard in Resources */ = {isa = PBXBuildFile; fileRef = 15231CBB2A680DD600DE5360 /* LaunchScreen.storyboard */; };
		15B03CDD2A8E760900DA6BCD /* MomentsViewController.swift in Sources */ = {isa = PBXBuildFile; fileRef = 15B03CDC2A8E760900DA6BCD /* MomentsViewController.swift */; };
		15CBA53C2AE7C3C60038AB5B /* SwiftUIHomeViewController.swift in Sources */ = {isa = PBXBuildFile; fileRef = 15CBA53B2AE7C3C60038AB5B /* SwiftUIHomeViewController.swift */; };
		15CBA53E2AE7C3E60038AB5B /* SwiftUIHomeView.swift in Sources */ = {isa = PBXBuildFile; fileRef = 15CBA53D2AE7C3E60038AB5B /* SwiftUIHomeView.swift */; };
		15CBA5402AE7C41C0038AB5B /* SwiftUIHomeViewModel.swift in Sources */ = {isa = PBXBuildFile; fileRef = 15CBA53F2AE7C41C0038AB5B /* SwiftUIHomeViewModel.swift */; };
		15D5EE412A680FAB00D76518 /* LaunchViewController.swift in Sources */ = {isa = PBXBuildFile; fileRef = 15D5EE402A680FAB00D76518 /* LaunchViewController.swift */; };
		15D5EE442A68104400D76518 /* BlazeSDKInteractor.swift in Sources */ = {isa = PBXBuildFile; fileRef = 15D5EE432A68104400D76518 /* BlazeSDKInteractor.swift */; };
		15D5EE472A68123700D76518 /* Main.storyboard in Resources */ = {isa = PBXBuildFile; fileRef = 15D5EE462A68123700D76518 /* Main.storyboard */; };
		15D5EE492A68125C00D76518 /* TabBarViewController.swift in Sources */ = {isa = PBXBuildFile; fileRef = 15D5EE482A68125C00D76518 /* TabBarViewController.swift */; };
		15D5EE4D2A68131000D76518 /* HomeViewController.swift in Sources */ = {isa = PBXBuildFile; fileRef = 15D5EE4C2A68131000D76518 /* HomeViewController.swift */; };
		15F9AB492AD4592B009F291E /* MomentsContainerViewController.swift in Sources */ = {isa = PBXBuildFile; fileRef = 15F9AB482AD4592B009F291E /* MomentsContainerViewController.swift */; };
		7B4E74FB2C5A880B0019FC72 /* BlazeGAM in Frameworks */ = {isa = PBXBuildFile; productRef = 7B4E74FA2C5A880B0019FC72 /* BlazeGAM */; };
		7B4E74FD2C5A880B0019FC72 /* BlazeIMA in Frameworks */ = {isa = PBXBuildFile; productRef = 7B4E74FC2C5A880B0019FC72 /* BlazeIMA */; };
		7B4E74FF2C5A880B0019FC72 /* BlazeSDK in Frameworks */ = {isa = PBXBuildFile; productRef = 7B4E74FE2C5A880B0019FC72 /* BlazeSDK */; };
/* End PBXBuildFile section */

/* Begin PBXFileReference section */
		15231CAD2A680DD600DE5360 /* BlazeSDK-SampleApp.app */ = {isa = PBXFileReference; explicitFileType = wrapper.application; includeInIndex = 0; path = "BlazeSDK-SampleApp.app"; sourceTree = BUILT_PRODUCTS_DIR; };
		15231CB02A680DD600DE5360 /* AppDelegate.swift */ = {isa = PBXFileReference; lastKnownFileType = sourcecode.swift; path = AppDelegate.swift; sourceTree = "<group>"; };
		15231CB22A680DD600DE5360 /* SceneDelegate.swift */ = {isa = PBXFileReference; lastKnownFileType = sourcecode.swift; path = SceneDelegate.swift; sourceTree = "<group>"; };
		15231CB92A680DD600DE5360 /* Assets.xcassets */ = {isa = PBXFileReference; lastKnownFileType = folder.assetcatalog; path = Assets.xcassets; sourceTree = "<group>"; };
		15231CBC2A680DD600DE5360 /* Base */ = {isa = PBXFileReference; lastKnownFileType = file.storyboard; name = Base; path = Base.lproj/LaunchScreen.storyboard; sourceTree = "<group>"; };
		15231CBE2A680DD600DE5360 /* Info.plist */ = {isa = PBXFileReference; lastKnownFileType = text.plist.xml; path = Info.plist; sourceTree = "<group>"; };
		15B03CDC2A8E760900DA6BCD /* MomentsViewController.swift */ = {isa = PBXFileReference; lastKnownFileType = sourcecode.swift; path = MomentsViewController.swift; sourceTree = "<group>"; };
		15CBA53B2AE7C3C60038AB5B /* SwiftUIHomeViewController.swift */ = {isa = PBXFileReference; lastKnownFileType = sourcecode.swift; path = SwiftUIHomeViewController.swift; sourceTree = "<group>"; };
		15CBA53D2AE7C3E60038AB5B /* SwiftUIHomeView.swift */ = {isa = PBXFileReference; lastKnownFileType = sourcecode.swift; path = SwiftUIHomeView.swift; sourceTree = "<group>"; };
		15CBA53F2AE7C41C0038AB5B /* SwiftUIHomeViewModel.swift */ = {isa = PBXFileReference; lastKnownFileType = sourcecode.swift; path = SwiftUIHomeViewModel.swift; sourceTree = "<group>"; };
		15D5EE402A680FAB00D76518 /* LaunchViewController.swift */ = {isa = PBXFileReference; lastKnownFileType = sourcecode.swift; path = LaunchViewController.swift; sourceTree = "<group>"; };
		15D5EE432A68104400D76518 /* BlazeSDKInteractor.swift */ = {isa = PBXFileReference; lastKnownFileType = sourcecode.swift; path = BlazeSDKInteractor.swift; sourceTree = "<group>"; };
		15D5EE462A68123700D76518 /* Main.storyboard */ = {isa = PBXFileReference; fileEncoding = 4; lastKnownFileType = file.storyboard; path = Main.storyboard; sourceTree = "<group>"; };
		15D5EE482A68125C00D76518 /* TabBarViewController.swift */ = {isa = PBXFileReference; lastKnownFileType = sourcecode.swift; path = TabBarViewController.swift; sourceTree = "<group>"; };
		15D5EE4C2A68131000D76518 /* HomeViewController.swift */ = {isa = PBXFileReference; lastKnownFileType = sourcecode.swift; path = HomeViewController.swift; sourceTree = "<group>"; };
		15F9AB482AD4592B009F291E /* MomentsContainerViewController.swift */ = {isa = PBXFileReference; lastKnownFileType = sourcecode.swift; path = MomentsContainerViewController.swift; sourceTree = "<group>"; };
/* End PBXFileReference section */

/* Begin PBXFrameworksBuildPhase section */
		15231CAA2A680DD600DE5360 /* Frameworks */ = {
			isa = PBXFrameworksBuildPhase;
			buildActionMask = 2147483647;
			files = (
				7B4E74FB2C5A880B0019FC72 /* BlazeGAM in Frameworks */,
				7B4E74FF2C5A880B0019FC72 /* BlazeSDK in Frameworks */,
				7B4E74FD2C5A880B0019FC72 /* BlazeIMA in Frameworks */,
			);
			runOnlyForDeploymentPostprocessing = 0;
		};
/* End PBXFrameworksBuildPhase section */

/* Begin PBXGroup section */
		15231CA42A680DD600DE5360 = {
			isa = PBXGroup;
			children = (
				15231CAF2A680DD600DE5360 /* BlazeSDK-SampleApp */,
				15231CAE2A680DD600DE5360 /* Products */,
			);
			sourceTree = "<group>";
		};
		15231CAE2A680DD600DE5360 /* Products */ = {
			isa = PBXGroup;
			children = (
				15231CAD2A680DD600DE5360 /* BlazeSDK-SampleApp.app */,
			);
			name = Products;
			sourceTree = "<group>";
		};
		15231CAF2A680DD600DE5360 /* BlazeSDK-SampleApp */ = {
			isa = PBXGroup;
			children = (
				15D5EE3F2A680F9D00D76518 /* LaunchScreen */,
				15D5EE422A68102200D76518 /* BlazeSDKInteractor */,
				15D5EE452A6811E800D76518 /* Main */,
				15231CB02A680DD600DE5360 /* AppDelegate.swift */,
				15231CB22A680DD600DE5360 /* SceneDelegate.swift */,
				15231CB92A680DD600DE5360 /* Assets.xcassets */,
				15231CBB2A680DD600DE5360 /* LaunchScreen.storyboard */,
				15231CBE2A680DD600DE5360 /* Info.plist */,
			);
			path = "BlazeSDK-SampleApp";
			sourceTree = "<group>";
		};
		15B03CDB2A8E75FA00DA6BCD /* MomentsWidgetsTab */ = {
			isa = PBXGroup;
			children = (
				15B03CDC2A8E760900DA6BCD /* MomentsViewController.swift */,
			);
			path = MomentsWidgetsTab;
			sourceTree = "<group>";
		};
		15CBA53A2AE7C16F0038AB5B /* SwiftUI */ = {
			isa = PBXGroup;
			children = (
				15CBA53B2AE7C3C60038AB5B /* SwiftUIHomeViewController.swift */,
				15CBA53D2AE7C3E60038AB5B /* SwiftUIHomeView.swift */,
				15CBA53F2AE7C41C0038AB5B /* SwiftUIHomeViewModel.swift */,
			);
			path = SwiftUI;
			sourceTree = "<group>";
		};
		15D5EE3F2A680F9D00D76518 /* LaunchScreen */ = {
			isa = PBXGroup;
			children = (
				15D5EE402A680FAB00D76518 /* LaunchViewController.swift */,
			);
			path = LaunchScreen;
			sourceTree = "<group>";
		};
		15D5EE422A68102200D76518 /* BlazeSDKInteractor */ = {
			isa = PBXGroup;
			children = (
				15D5EE432A68104400D76518 /* BlazeSDKInteractor.swift */,
			);
			path = BlazeSDKInteractor;
			sourceTree = "<group>";
		};
		15D5EE452A6811E800D76518 /* Main */ = {
			isa = PBXGroup;
			children = (
				15D5EE4A2A6812E400D76518 /* TabBar */,
			);
			path = Main;
			sourceTree = "<group>";
		};
		15D5EE4A2A6812E400D76518 /* TabBar */ = {
			isa = PBXGroup;
			children = (
				15D5EE462A68123700D76518 /* Main.storyboard */,
				15D5EE482A68125C00D76518 /* TabBarViewController.swift */,
				15D5EE4B2A6812F000D76518 /* HomeTab */,
				15B03CDB2A8E75FA00DA6BCD /* MomentsWidgetsTab */,
				15F9AB472AD458F8009F291E /* MomentsContainerTab */,
				15CBA53A2AE7C16F0038AB5B /* SwiftUI */,
			);
			path = TabBar;
			sourceTree = "<group>";
		};
		15D5EE4B2A6812F000D76518 /* HomeTab */ = {
			isa = PBXGroup;
			children = (
				15D5EE4C2A68131000D76518 /* HomeViewController.swift */,
			);
			path = HomeTab;
			sourceTree = "<group>";
		};
		15F9AB472AD458F8009F291E /* MomentsContainerTab */ = {
			isa = PBXGroup;
			children = (
				15F9AB482AD4592B009F291E /* MomentsContainerViewController.swift */,
			);
			path = MomentsContainerTab;
			sourceTree = "<group>";
		};
/* End PBXGroup section */

/* Begin PBXNativeTarget section */
		15231CAC2A680DD600DE5360 /* BlazeSDK-SampleApp */ = {
			isa = PBXNativeTarget;
			buildConfigurationList = 15231CC12A680DD600DE5360 /* Build configuration list for PBXNativeTarget "BlazeSDK-SampleApp" */;
			buildPhases = (
				15231CA92A680DD600DE5360 /* Sources */,
				15231CAA2A680DD600DE5360 /* Frameworks */,
				15231CAB2A680DD600DE5360 /* Resources */,
			);
			buildRules = (
			);
			dependencies = (
			);
			name = "BlazeSDK-SampleApp";
			packageProductDependencies = (
				7B4E74FA2C5A880B0019FC72 /* BlazeGAM */,
				7B4E74FC2C5A880B0019FC72 /* BlazeIMA */,
				7B4E74FE2C5A880B0019FC72 /* BlazeSDK */,
			);
			productName = "BlazeSDK-SampleApp";
			productReference = 15231CAD2A680DD600DE5360 /* BlazeSDK-SampleApp.app */;
			productType = "com.apple.product-type.application";
		};
/* End PBXNativeTarget section */

/* Begin PBXProject section */
		15231CA52A680DD600DE5360 /* Project object */ = {
			isa = PBXProject;
			attributes = {
				BuildIndependentTargetsInParallel = 1;
				LastSwiftUpdateCheck = 1420;
				LastUpgradeCheck = 1420;
				TargetAttributes = {
					15231CAC2A680DD600DE5360 = {
						CreatedOnToolsVersion = 14.2;
					};
				};
			};
			buildConfigurationList = 15231CA82A680DD600DE5360 /* Build configuration list for PBXProject "BlazeSDK-SampleApp" */;
			compatibilityVersion = "Xcode 14.0";
			developmentRegion = en;
			hasScannedForEncodings = 0;
			knownRegions = (
				en,
				Base,
			);
			mainGroup = 15231CA42A680DD600DE5360;
			packageReferences = (
				7B4E74F92C5A880B0019FC72 /* XCRemoteSwiftPackageReference "blaze-specs-ios" */,
			);
			productRefGroup = 15231CAE2A680DD600DE5360 /* Products */;
			projectDirPath = "";
			projectRoot = "";
			targets = (
				15231CAC2A680DD600DE5360 /* BlazeSDK-SampleApp */,
			);
		};
/* End PBXProject section */

/* Begin PBXResourcesBuildPhase section */
		15231CAB2A680DD600DE5360 /* Resources */ = {
			isa = PBXResourcesBuildPhase;
			buildActionMask = 2147483647;
			files = (
				15D5EE472A68123700D76518 /* Main.storyboard in Resources */,
				15231CBD2A680DD600DE5360 /* LaunchScreen.storyboard in Resources */,
				15231CBA2A680DD600DE5360 /* Assets.xcassets in Resources */,
			);
			runOnlyForDeploymentPostprocessing = 0;
		};
/* End PBXResourcesBuildPhase section */

/* Begin PBXSourcesBuildPhase section */
		15231CA92A680DD600DE5360 /* Sources */ = {
			isa = PBXSourcesBuildPhase;
			buildActionMask = 2147483647;
			files = (
				15B03CDD2A8E760900DA6BCD /* MomentsViewController.swift in Sources */,
				15CBA5402AE7C41C0038AB5B /* SwiftUIHomeViewModel.swift in Sources */,
				15D5EE442A68104400D76518 /* BlazeSDKInteractor.swift in Sources */,
				15231CB12A680DD600DE5360 /* AppDelegate.swift in Sources */,
				15231CB32A680DD600DE5360 /* SceneDelegate.swift in Sources */,
				15D5EE492A68125C00D76518 /* TabBarViewController.swift in Sources */,
				15F9AB492AD4592B009F291E /* MomentsContainerViewController.swift in Sources */,
				15D5EE4D2A68131000D76518 /* HomeViewController.swift in Sources */,
				15D5EE412A680FAB00D76518 /* LaunchViewController.swift in Sources */,
				15CBA53C2AE7C3C60038AB5B /* SwiftUIHomeViewController.swift in Sources */,
				15CBA53E2AE7C3E60038AB5B /* SwiftUIHomeView.swift in Sources */,
			);
			runOnlyForDeploymentPostprocessing = 0;
		};
/* End PBXSourcesBuildPhase section */

/* Begin PBXVariantGroup section */
		15231CBB2A680DD600DE5360 /* LaunchScreen.storyboard */ = {
			isa = PBXVariantGroup;
			children = (
				15231CBC2A680DD600DE5360 /* Base */,
			);
			name = LaunchScreen.storyboard;
			sourceTree = "<group>";
		};
/* End PBXVariantGroup section */

/* Begin XCBuildConfiguration section */
		15231CBF2A680DD600DE5360 /* Debug */ = {
			isa = XCBuildConfiguration;
			buildSettings = {
				ALWAYS_SEARCH_USER_PATHS = NO;
				CLANG_ANALYZER_NONNULL = YES;
				CLANG_ANALYZER_NUMBER_OBJECT_CONVERSION = YES_AGGRESSIVE;
				CLANG_CXX_LANGUAGE_STANDARD = "gnu++20";
				CLANG_ENABLE_MODULES = YES;
				CLANG_ENABLE_OBJC_ARC = YES;
				CLANG_ENABLE_OBJC_WEAK = YES;
				CLANG_WARN_BLOCK_CAPTURE_AUTORELEASING = YES;
				CLANG_WARN_BOOL_CONVERSION = YES;
				CLANG_WARN_COMMA = YES;
				CLANG_WARN_CONSTANT_CONVERSION = YES;
				CLANG_WARN_DEPRECATED_OBJC_IMPLEMENTATIONS = YES;
				CLANG_WARN_DIRECT_OBJC_ISA_USAGE = YES_ERROR;
				CLANG_WARN_DOCUMENTATION_COMMENTS = YES;
				CLANG_WARN_EMPTY_BODY = YES;
				CLANG_WARN_ENUM_CONVERSION = YES;
				CLANG_WARN_INFINITE_RECURSION = YES;
				CLANG_WARN_INT_CONVERSION = YES;
				CLANG_WARN_NON_LITERAL_NULL_CONVERSION = YES;
				CLANG_WARN_OBJC_IMPLICIT_RETAIN_SELF = YES;
				CLANG_WARN_OBJC_LITERAL_CONVERSION = YES;
				CLANG_WARN_OBJC_ROOT_CLASS = YES_ERROR;
				CLANG_WARN_QUOTED_INCLUDE_IN_FRAMEWORK_HEADER = YES;
				CLANG_WARN_RANGE_LOOP_ANALYSIS = YES;
				CLANG_WARN_STRICT_PROTOTYPES = YES;
				CLANG_WARN_SUSPICIOUS_MOVE = YES;
				CLANG_WARN_UNGUARDED_AVAILABILITY = YES_AGGRESSIVE;
				CLANG_WARN_UNREACHABLE_CODE = YES;
				CLANG_WARN__DUPLICATE_METHOD_MATCH = YES;
				COPY_PHASE_STRIP = NO;
				DEBUG_INFORMATION_FORMAT = dwarf;
				ENABLE_STRICT_OBJC_MSGSEND = YES;
				ENABLE_TESTABILITY = YES;
				GCC_C_LANGUAGE_STANDARD = gnu11;
				GCC_DYNAMIC_NO_PIC = NO;
				GCC_NO_COMMON_BLOCKS = YES;
				GCC_OPTIMIZATION_LEVEL = 0;
				GCC_PREPROCESSOR_DEFINITIONS = (
					"DEBUG=1",
					"$(inherited)",
				);
				GCC_WARN_64_TO_32_BIT_CONVERSION = YES;
				GCC_WARN_ABOUT_RETURN_TYPE = YES_ERROR;
				GCC_WARN_UNDECLARED_SELECTOR = YES;
				GCC_WARN_UNINITIALIZED_AUTOS = YES_AGGRESSIVE;
				GCC_WARN_UNUSED_FUNCTION = YES;
				GCC_WARN_UNUSED_VARIABLE = YES;
				IPHONEOS_DEPLOYMENT_TARGET = 16.2;
				MTL_ENABLE_DEBUG_INFO = INCLUDE_SOURCE;
				MTL_FAST_MATH = YES;
				ONLY_ACTIVE_ARCH = YES;
				SDKROOT = iphoneos;
				SWIFT_ACTIVE_COMPILATION_CONDITIONS = DEBUG;
				SWIFT_OPTIMIZATION_LEVEL = "-Onone";
			};
			name = Debug;
		};
		15231CC02A680DD600DE5360 /* Release */ = {
			isa = XCBuildConfiguration;
			buildSettings = {
				ALWAYS_SEARCH_USER_PATHS = NO;
				CLANG_ANALYZER_NONNULL = YES;
				CLANG_ANALYZER_NUMBER_OBJECT_CONVERSION = YES_AGGRESSIVE;
				CLANG_CXX_LANGUAGE_STANDARD = "gnu++20";
				CLANG_ENABLE_MODULES = YES;
				CLANG_ENABLE_OBJC_ARC = YES;
				CLANG_ENABLE_OBJC_WEAK = YES;
				CLANG_WARN_BLOCK_CAPTURE_AUTORELEASING = YES;
				CLANG_WARN_BOOL_CONVERSION = YES;
				CLANG_WARN_COMMA = YES;
				CLANG_WARN_CONSTANT_CONVERSION = YES;
				CLANG_WARN_DEPRECATED_OBJC_IMPLEMENTATIONS = YES;
				CLANG_WARN_DIRECT_OBJC_ISA_USAGE = YES_ERROR;
				CLANG_WARN_DOCUMENTATION_COMMENTS = YES;
				CLANG_WARN_EMPTY_BODY = YES;
				CLANG_WARN_ENUM_CONVERSION = YES;
				CLANG_WARN_INFINITE_RECURSION = YES;
				CLANG_WARN_INT_CONVERSION = YES;
				CLANG_WARN_NON_LITERAL_NULL_CONVERSION = YES;
				CLANG_WARN_OBJC_IMPLICIT_RETAIN_SELF = YES;
				CLANG_WARN_OBJC_LITERAL_CONVERSION = YES;
				CLANG_WARN_OBJC_ROOT_CLASS = YES_ERROR;
				CLANG_WARN_QUOTED_INCLUDE_IN_FRAMEWORK_HEADER = YES;
				CLANG_WARN_RANGE_LOOP_ANALYSIS = YES;
				CLANG_WARN_STRICT_PROTOTYPES = YES;
				CLANG_WARN_SUSPICIOUS_MOVE = YES;
				CLANG_WARN_UNGUARDED_AVAILABILITY = YES_AGGRESSIVE;
				CLANG_WARN_UNREACHABLE_CODE = YES;
				CLANG_WARN__DUPLICATE_METHOD_MATCH = YES;
				COPY_PHASE_STRIP = NO;
				DEBUG_INFORMATION_FORMAT = "dwarf-with-dsym";
				ENABLE_NS_ASSERTIONS = NO;
				ENABLE_STRICT_OBJC_MSGSEND = YES;
				GCC_C_LANGUAGE_STANDARD = gnu11;
				GCC_NO_COMMON_BLOCKS = YES;
				GCC_WARN_64_TO_32_BIT_CONVERSION = YES;
				GCC_WARN_ABOUT_RETURN_TYPE = YES_ERROR;
				GCC_WARN_UNDECLARED_SELECTOR = YES;
				GCC_WARN_UNINITIALIZED_AUTOS = YES_AGGRESSIVE;
				GCC_WARN_UNUSED_FUNCTION = YES;
				GCC_WARN_UNUSED_VARIABLE = YES;
				IPHONEOS_DEPLOYMENT_TARGET = 16.2;
				MTL_ENABLE_DEBUG_INFO = NO;
				MTL_FAST_MATH = YES;
				SDKROOT = iphoneos;
				SWIFT_COMPILATION_MODE = wholemodule;
				SWIFT_OPTIMIZATION_LEVEL = "-O";
				VALIDATE_PRODUCT = YES;
			};
			name = Release;
		};
		15231CC22A680DD600DE5360 /* Debug */ = {
			isa = XCBuildConfiguration;
			buildSettings = {
				ASSETCATALOG_COMPILER_APPICON_NAME = AppIcon;
				ASSETCATALOG_COMPILER_GLOBAL_ACCENT_COLOR_NAME = AccentColor;
				CODE_SIGN_STYLE = Automatic;
				CURRENT_PROJECT_VERSION = 1;
				DEVELOPMENT_TEAM = 4A7BS72G37;
				GENERATE_INFOPLIST_FILE = YES;
				INFOPLIST_FILE = "BlazeSDK-SampleApp/Info.plist";
				INFOPLIST_KEY_UIApplicationSupportsIndirectInputEvents = YES;
				INFOPLIST_KEY_UILaunchStoryboardName = LaunchScreen;
				INFOPLIST_KEY_UIMainStoryboardFile = Main;
				INFOPLIST_KEY_UIRequiresFullScreen = YES;
				INFOPLIST_KEY_UISupportedInterfaceOrientations = UIInterfaceOrientationPortrait;
				INFOPLIST_KEY_UISupportedInterfaceOrientations_iPad = "UIInterfaceOrientationLandscapeLeft UIInterfaceOrientationLandscapeRight UIInterfaceOrientationPortrait UIInterfaceOrientationPortraitUpsideDown";
				INFOPLIST_KEY_UIUserInterfaceStyle = Light;
				LD_RUNPATH_SEARCH_PATHS = (
					"$(inherited)",
					"@executable_path/Frameworks",
				);
				MARKETING_VERSION = 1.0;
				OTHER_LDFLAGS = "-ObjC";
				PRODUCT_BUNDLE_IDENTIFIER = "com.wscSports.blaze-sampleApp.BlazeSDK-SampleApp";
				PRODUCT_NAME = "$(TARGET_NAME)";
				SUPPORTED_PLATFORMS = "iphoneos iphonesimulator";
				SUPPORTS_MACCATALYST = NO;
				SUPPORTS_MAC_DESIGNED_FOR_IPHONE_IPAD = NO;
				SWIFT_EMIT_LOC_STRINGS = YES;
				SWIFT_VERSION = 5.0;
				TARGETED_DEVICE_FAMILY = "1,2";
			};
			name = Debug;
		};
		15231CC32A680DD600DE5360 /* Release */ = {
			isa = XCBuildConfiguration;
			buildSettings = {
				ASSETCATALOG_COMPILER_APPICON_NAME = AppIcon;
				ASSETCATALOG_COMPILER_GLOBAL_ACCENT_COLOR_NAME = AccentColor;
				CODE_SIGN_STYLE = Automatic;
				CURRENT_PROJECT_VERSION = 1;
				DEVELOPMENT_TEAM = 4A7BS72G37;
				GENERATE_INFOPLIST_FILE = YES;
				INFOPLIST_FILE = "BlazeSDK-SampleApp/Info.plist";
				INFOPLIST_KEY_UIApplicationSupportsIndirectInputEvents = YES;
				INFOPLIST_KEY_UILaunchStoryboardName = LaunchScreen;
				INFOPLIST_KEY_UIMainStoryboardFile = Main;
				INFOPLIST_KEY_UIRequiresFullScreen = YES;
				INFOPLIST_KEY_UISupportedInterfaceOrientations = UIInterfaceOrientationPortrait;
				INFOPLIST_KEY_UISupportedInterfaceOrientations_iPad = "UIInterfaceOrientationLandscapeLeft UIInterfaceOrientationLandscapeRight UIInterfaceOrientationPortrait UIInterfaceOrientationPortraitUpsideDown";
				INFOPLIST_KEY_UIUserInterfaceStyle = Light;
				LD_RUNPATH_SEARCH_PATHS = (
					"$(inherited)",
					"@executable_path/Frameworks",
				);
				MARKETING_VERSION = 1.0;
				OTHER_LDFLAGS = "-ObjC";
				PRODUCT_BUNDLE_IDENTIFIER = "com.wscSports.blaze-sampleApp.BlazeSDK-SampleApp";
				PRODUCT_NAME = "$(TARGET_NAME)";
				SUPPORTED_PLATFORMS = "iphoneos iphonesimulator";
				SUPPORTS_MACCATALYST = NO;
				SUPPORTS_MAC_DESIGNED_FOR_IPHONE_IPAD = NO;
				SWIFT_EMIT_LOC_STRINGS = YES;
				SWIFT_VERSION = 5.0;
				TARGETED_DEVICE_FAMILY = "1,2";
			};
			name = Release;
		};
/* End XCBuildConfiguration section */

/* Begin XCConfigurationList section */
		15231CA82A680DD600DE5360 /* Build configuration list for PBXProject "BlazeSDK-SampleApp" */ = {
			isa = XCConfigurationList;
			buildConfigurations = (
				15231CBF2A680DD600DE5360 /* Debug */,
				15231CC02A680DD600DE5360 /* Release */,
			);
			defaultConfigurationIsVisible = 0;
			defaultConfigurationName = Release;
		};
		15231CC12A680DD600DE5360 /* Build configuration list for PBXNativeTarget "BlazeSDK-SampleApp" */ = {
			isa = XCConfigurationList;
			buildConfigurations = (
				15231CC22A680DD600DE5360 /* Debug */,
				15231CC32A680DD600DE5360 /* Release */,
			);
			defaultConfigurationIsVisible = 0;
			defaultConfigurationName = Release;
		};
/* End XCConfigurationList section */

/* Begin XCRemoteSwiftPackageReference section */
		7B4E74F92C5A880B0019FC72 /* XCRemoteSwiftPackageReference "blaze-specs-ios" */ = {
			isa = XCRemoteSwiftPackageReference;
			repositoryURL = "https://github.com/WSCSports/blaze-specs-ios.git";
			requirement = {
				kind = upToNextMajorVersion;
				minimumVersion = 1.0.4;
			};
		};
/* End XCRemoteSwiftPackageReference section */

/* Begin XCSwiftPackageProductDependency section */
		7B4E74FA2C5A880B0019FC72 /* BlazeGAM */ = {
			isa = XCSwiftPackageProductDependency;
			package = 7B4E74F92C5A880B0019FC72 /* XCRemoteSwiftPackageReference "blaze-specs-ios" */;
			productName = BlazeGAM;
		};
		7B4E74FC2C5A880B0019FC72 /* BlazeIMA */ = {
			isa = XCSwiftPackageProductDependency;
			package = 7B4E74F92C5A880B0019FC72 /* XCRemoteSwiftPackageReference "blaze-specs-ios" */;
			productName = BlazeIMA;
		};
		7B4E74FE2C5A880B0019FC72 /* BlazeSDK */ = {
			isa = XCSwiftPackageProductDependency;
			package = 7B4E74F92C5A880B0019FC72 /* XCRemoteSwiftPackageReference "blaze-specs-ios" */;
			productName = BlazeSDK;
		};
/* End XCSwiftPackageProductDependency section */
	};
	rootObject = 15231CA52A680DD600DE5360 /* Project object */;
}
